
Microsoft Visual Studio Solution File, Format Version 12.00
# Visual Studio Version 17
VisualStudioVersion = 17.2.33027.314
MinimumVisualStudioVersion = 10.0.40219.1
Project("{FAE04EC0-301F-11D3-BF4B-00C04F79EFBC}") = "QuickSort", "QuickSort\QuickSort.csproj", "{D7807657-5349-4CB5-8C4E-3AF3D2A89511}"
EndProject
Project("{9A19103F-16F7-4668-BE54-9A1E7A4F7556}") = "ArrayInversionCount", "..\ArrayInversionCount\ArrayInversionCount\ArrayInversionCount.csproj", "{0383CEAC-AE02-448C-B06B-65437E84322B}"
EndProject
Project("{9A19103F-16F7-4668-BE54-9A1E7A4F7556}") = "TreeHeight", "..\TreeHeight\TreeHeight\TreeHeight.csproj", "{2B2591B8-065D-4A0C-A408-0BF1267DE86F}"
EndProject
Project("{9A19103F-16F7-4668-BE54-9A1E7A4F7556}") = "Codility1-ThreeLetters", "..\Codility1-ThreeLetters\Codility1-ThreeLetters\Codility1-ThreeLetters.csproj", "{4DB7D697-6424-41EA-AAB3-8938EFFF1E5B}"
EndProject
Project("{9A19103F-16F7-4668-BE54-9A1E7A4F7556}") = "Codility_TreeLongestZigZag", "..\Codility_TreeLongestZigZag\Codility_TreeLongestZigZag\Codility_TreeLongestZigZag.csproj", "{97591348-5D8B-457E-BBD5-CB5EC51F6323}"
EndProject
Global
	GlobalSection(SolutionConfigurationPlatforms) = preSolution
		Debug|Any CPU = Debug|Any CPU
		Release|Any CPU = Release|Any CPU
	EndGlobalSection
	GlobalSection(ProjectConfigurationPlatforms) = postSolution
		{D7807657-5349-4CB5-8C4E-3AF3D2A89511}.Debug|Any CPU.ActiveCfg = Debug|Any CPU
		{D7807657-5349-4CB5-8C4E-3AF3D2A89511}.Debug|Any CPU.Build.0 = Debug|Any CPU
		{D7807657-5349-4CB5-8C4E-3AF3D2A89511}.Release|Any CPU.ActiveCfg = Release|Any CPU
		{D7807657-5349-4CB5-8C4E-3AF3D2A89511}.Release|Any CPU.Build.0 = Release|Any CPU
		{0383CEAC-AE02-448C-B06B-65437E84322B}.Debug|Any CPU.ActiveCfg = Debug|Any CPU
		{0383CEAC-AE02-448C-B06B-65437E84322B}.Debug|Any CPU.Build.0 = Debug|Any CPU
		{0383CEAC-AE02-448C-B06B-65437E84322B}.Release|Any CPU.ActiveCfg = Release|Any CPU
		{0383CEAC-AE02-448C-B06B-65437E84322B}.Release|Any CPU.Build.0 = Release|Any CPU
		{2B2591B8-065D-4A0C-A408-0BF1267DE86F}.Debug|Any CPU.ActiveCfg = Debug|Any CPU
		{2B2591B8-065D-4A0C-A408-0BF1267DE86F}.Debug|Any CPU.Build.0 = Debug|Any CPU
		{2B2591B8-065D-4A0C-A408-0BF1267DE86F}.Release|Any CPU.ActiveCfg = Release|Any CPU
		{2B2591B8-065D-4A0C-A408-0BF1267DE86F}.Release|Any CPU.Build.0 = Release|Any CPU
		{4DB7D697-6424-41EA-AAB3-8938EFFF1E5B}.Debug|Any CPU.ActiveCfg = Debug|Any CPU
		{4DB7D697-6424-41EA-AAB3-8938EFFF1E5B}.Debug|Any CPU.Build.0 = Debug|Any CPU
		{4DB7D697-6424-41EA-AAB3-8938EFFF1E5B}.Release|Any CPU.ActiveCfg = Release|Any CPU
		{4DB7D697-6424-41EA-AAB3-8938EFFF1E5B}.Release|Any CPU.Build.0 = Release|Any CPU
		{97591348-5D8B-457E-BBD5-CB5EC51F6323}.Debug|Any CPU.ActiveCfg = Debug|Any CPU
		{97591348-5D8B-457E-BBD5-CB5EC51F6323}.Debug|Any CPU.Build.0 = Debug|Any CPU
		{97591348-5D8B-457E-BBD5-CB5EC51F6323}.Release|Any CPU.ActiveCfg = Release|Any CPU
		{97591348-5D8B-457E-BBD5-CB5EC51F6323}.Release|Any CPU.Build.0 = Release|Any CPU
	EndGlobalSection
	GlobalSection(SolutionProperties) = preSolution
		HideSolutionNode = FALSE
	EndGlobalSection
	GlobalSection(ExtensibilityGlobals) = postSolution
		SolutionGuid = {AF93CB8B-0C55-4B3C-A4E4-742A92367A37}
	EndGlobalSection
EndGlobal
